
Microsoft Visual Studio Solution File, Format Version 12.00
# Visual Studio Version 17
VisualStudioVersion = 17.5.33424.131
MinimumVisualStudioVersion = 10.0.40219.1
Project("{FAE04EC0-301F-11D3-BF4B-00C04F79EFBC}") = "ProgramaSomaParImpar", "ProgramaSomaParImpar\ProgramaSomaParImpar.csproj", "{2321E92B-BF5C-444E-AEBA-6079D9C74F87}"
EndProject
Global
	GlobalSection(SolutionConfigurationPlatforms) = preSolution
		Debug|Any CPU = Debug|Any CPU
		Release|Any CPU = Release|Any CPU
	EndGlobalSection
	GlobalSection(ProjectConfigurationPlatforms) = postSolution
		{2321E92B-BF5C-444E-AEBA-6079D9C74F87}.Debug|Any CPU.ActiveCfg = Debug|Any CPU
		{2321E92B-BF5C-444E-AEBA-6079D9C74F87}.Debug|Any CPU.Build.0 = Debug|Any CPU
		{2321E92B-BF5C-444E-AEBA-6079D9C74F87}.Release|Any CPU.ActiveCfg = Release|Any CPU
		{2321E92B-BF5C-444E-AEBA-6079D9C74F87}.Release|Any CPU.Build.0 = Release|Any CPU
	EndGlobalSection
	GlobalSection(SolutionProperties) = preSolution
		HideSolutionNode = FALSE
	EndGlobalSection
	GlobalSection(ExtensibilityGlobals) = postSolution
		SolutionGuid = {5A155C72-40F9-41DC-BC69-A87DDE78E1BD}
	EndGlobalSection
EndGlobal
